
Microsoft Visual Studio Solution File, Format Version 12.00
Project("{FAE04EC0-301F-11D3-BF4B-00C04F79EFBC}") = "PDF-MultiTool", "PDF-MultiTool\PDF-MultiTool.csproj", "{C2363E4A-BD52-41C3-AFC3-F1019E844ECF}"
EndProject
Global
	GlobalSection(SolutionConfigurationPlatforms) = preSolution
		Debug|Any CPU = Debug|Any CPU
		Release|Any CPU = Release|Any CPU
	EndGlobalSection
	GlobalSection(ProjectConfigurationPlatforms) = postSolution
		{C2363E4A-BD52-41C3-AFC3-F1019E844ECF}.Debug|Any CPU.ActiveCfg = Debug|Any CPU
		{C2363E4A-BD52-41C3-AFC3-F1019E844ECF}.Debug|Any CPU.Build.0 = Debug|Any CPU
		{C2363E4A-BD52-41C3-AFC3-F1019E844ECF}.Release|Any CPU.ActiveCfg = Release|Any CPU
		{C2363E4A-BD52-41C3-AFC3-F1019E844ECF}.Release|Any CPU.Build.0 = Release|Any CPU
	EndGlobalSection
EndGlobal
